
Microsoft Visual Studio Solution File, Format Version 12.00
# Visual Studio Version 17
VisualStudioVersion = 17.2.32630.192
MinimumVisualStudioVersion = 10.0.40219.1
Project("{9A19103F-16F7-4668-BE54-9A1E7A4F7556}") = "Test", "Test\Test.csproj", "{7B2C1812-4535-43DE-897C-E52E73F2A78A}"
EndProject
Project("{9A19103F-16F7-4668-BE54-9A1E7A4F7556}") = "TestTests", "TestTests\TestTests.csproj", "{8FE02ADA-1858-4FCD-A4CD-1D6462DE28FB}"
EndProject
Project("{9A19103F-16F7-4668-BE54-9A1E7A4F7556}") = "StringBuilding", "StringBuilding\StringBuilding.csproj", "{B88950D0-0D0D-40C5-B36C-A421F7024531}"
EndProject
Project("{9A19103F-16F7-4668-BE54-9A1E7A4F7556}") = "PointersPractice", "Returner\PointersPractice.csproj", "{9DA6F630-9CC9-4781-AFF6-6985A5F2EA77}"
EndProject
Project("{FAE04EC0-301F-11D3-BF4B-00C04F79EFBC}") = "IndexerPlayground", "IndexerPlayground\IndexerPlayground.csproj", "{FB5A12B3-ECF1-4E14-A502-D030ADE4352F}"
EndProject
Global
	GlobalSection(SolutionConfigurationPlatforms) = preSolution
		Debug|Any CPU = Debug|Any CPU
		Release|Any CPU = Release|Any CPU
	EndGlobalSection
	GlobalSection(ProjectConfigurationPlatforms) = postSolution
		{7B2C1812-4535-43DE-897C-E52E73F2A78A}.Debug|Any CPU.ActiveCfg = Debug|Any CPU
		{7B2C1812-4535-43DE-897C-E52E73F2A78A}.Debug|Any CPU.Build.0 = Debug|Any CPU
		{7B2C1812-4535-43DE-897C-E52E73F2A78A}.Release|Any CPU.ActiveCfg = Release|Any CPU
		{7B2C1812-4535-43DE-897C-E52E73F2A78A}.Release|Any CPU.Build.0 = Release|Any CPU
		{8FE02ADA-1858-4FCD-A4CD-1D6462DE28FB}.Debug|Any CPU.ActiveCfg = Debug|Any CPU
		{8FE02ADA-1858-4FCD-A4CD-1D6462DE28FB}.Debug|Any CPU.Build.0 = Debug|Any CPU
		{8FE02ADA-1858-4FCD-A4CD-1D6462DE28FB}.Release|Any CPU.ActiveCfg = Release|Any CPU
		{8FE02ADA-1858-4FCD-A4CD-1D6462DE28FB}.Release|Any CPU.Build.0 = Release|Any CPU
		{B88950D0-0D0D-40C5-B36C-A421F7024531}.Debug|Any CPU.ActiveCfg = Debug|Any CPU
		{B88950D0-0D0D-40C5-B36C-A421F7024531}.Debug|Any CPU.Build.0 = Debug|Any CPU
		{B88950D0-0D0D-40C5-B36C-A421F7024531}.Release|Any CPU.ActiveCfg = Release|Any CPU
		{B88950D0-0D0D-40C5-B36C-A421F7024531}.Release|Any CPU.Build.0 = Release|Any CPU
		{9DA6F630-9CC9-4781-AFF6-6985A5F2EA77}.Debug|Any CPU.ActiveCfg = Debug|Any CPU
		{9DA6F630-9CC9-4781-AFF6-6985A5F2EA77}.Debug|Any CPU.Build.0 = Debug|Any CPU
		{9DA6F630-9CC9-4781-AFF6-6985A5F2EA77}.Release|Any CPU.ActiveCfg = Release|Any CPU
		{9DA6F630-9CC9-4781-AFF6-6985A5F2EA77}.Release|Any CPU.Build.0 = Release|Any CPU
		{FB5A12B3-ECF1-4E14-A502-D030ADE4352F}.Debug|Any CPU.ActiveCfg = Debug|Any CPU
		{FB5A12B3-ECF1-4E14-A502-D030ADE4352F}.Debug|Any CPU.Build.0 = Debug|Any CPU
		{FB5A12B3-ECF1-4E14-A502-D030ADE4352F}.Release|Any CPU.ActiveCfg = Release|Any CPU
		{FB5A12B3-ECF1-4E14-A502-D030ADE4352F}.Release|Any CPU.Build.0 = Release|Any CPU
	EndGlobalSection
	GlobalSection(SolutionProperties) = preSolution
		HideSolutionNode = FALSE
	EndGlobalSection
	GlobalSection(ExtensibilityGlobals) = postSolution
		SolutionGuid = {778B87A4-131D-4713-83A4-D317276C3C80}
	EndGlobalSection
EndGlobal
